
Microsoft Visual Studio Solution File, Format Version 12.00
# Visual Studio Version 17
VisualStudioVersion = 17.5.2.0
MinimumVisualStudioVersion = 10.0.40219.1
Project("{2150E333-8FDC-42A3-9474-1A3956D46DE8}") = "src", "src", "{10000000-0000-0000-0000-000000000001}"
EndProject
Project("{2150E333-8FDC-42A3-9474-1A3956D46DE8}") = "Contracts", "Contracts", "{47FFF529-EE08-F963-FE19-7E05E841A5CF}"
EndProject
Project("{2150E333-8FDC-42A3-9474-1A3956D46DE8}") = "Editor", "Editor", "{70E65FA8-6D55-3DCB-89AA-5914AD16D7A1}"
EndProject
Project("{2150E333-8FDC-42A3-9474-1A3956D46DE8}") = "Generators", "Generators", "{A92F8113-3314-365E-D17E-024E8A6DA8D2}"
EndProject
Project("{2150E333-8FDC-42A3-9474-1A3956D46DE8}") = "tests", "tests", "{20000000-0000-0000-0000-000000000001}"
EndProject
Project("{FAE04EC0-301F-11D3-BF4B-00C04F79EFBC}") = "Xinglin.WebReportEditor.Contracts", "src\Contracts\Xinglin.WebReportEditor.Contracts.csproj", "{014360DE-3FAF-AA5F-5DE7-21A236515BC6}"
EndProject
Project("{FAE04EC0-301F-11D3-BF4B-00C04F79EFBC}") = "Xinglin.WebReportEditor.Core", "src\Editor\Core\Xinglin.WebReportEditor.Core.csproj", "{B95B3A38-E1B1-70E4-631F-E9AF31150950}"
EndProject
Project("{FAE04EC0-301F-11D3-BF4B-00C04F79EFBC}") = "Xinglin.WebReportEditor.Server", "src\Editor\Server\Xinglin.WebReportEditor.Server.csproj", "{94B86ABD-4F85-3FC9-C4EB-1357F78F35FE}"
EndProject
Project("{FAE04EC0-301F-11D3-BF4B-00C04F79EFBC}") = "ReportDataMaker", "src\Generators\ReportDataMaker\ReportDataMaker.csproj", "{5862B40E-D491-045C-209A-ABD039C120CF}"
EndProject
Project("{FAE04EC0-301F-11D3-BF4B-00C04F79EFBC}") = "Xinglin.WebReportEditor.Server.Tests", "tests\Editor.Server.Tests\Xinglin.WebReportEditor.Server.Tests.csproj", "{30000000-0000-0000-0000-000000000001}"
EndProject
Project("{FAE04EC0-301F-11D3-BF4B-00C04F79EFBC}") = "ReportDataMaker.Core", "src\Generators\ReportDataMaker.Core\ReportDataMaker.Core.csproj", "{9915F71D-44CA-437D-A32B-664906534E0B}"
EndProject
Project("{2150E333-8FDC-42A3-9474-1A3956D46DE8}") = "Rendering", "Rendering", "{491A99EC-666E-B0B3-501F-60A7956B62FC}"
EndProject
Project("{FAE04EC0-301F-11D3-BF4B-00C04F79EFBC}") = "Xinglin.ReportEditor.Rendering", "src\Rendering\Xinglin.ReportEditor.Rendering.csproj", "{C8863B5F-EE67-4C19-9332-B165BCFAEC43}"
EndProject
Project("{FAE04EC0-301F-11D3-BF4B-00C04F79EFBC}") = "Adapter.Excel", "src\Generators\Adapter.Excel\Adapter.Excel.csproj", "{5A8043BC-81C1-4E98-854A-6F5F0603D201}"
EndProject
Project("{FAE04EC0-301F-11D3-BF4B-00C04F79EFBC}") = "Adapter.Database.Common", "src\Generators\Adapter.Database.Common\Adapter.Database.Common.csproj", "{F2E21E99-8CA8-4E11-B1A0-930AE4527945}"
EndProject
Project("{FAE04EC0-301F-11D3-BF4B-00C04F79EFBC}") = "Adapter.Database.SqlServer", "src\Generators\Adapter.Database.SqlServer\Adapter.Database.SqlServer.csproj", "{57F8EC06-491D-4ACC-BA36-22CF08186C4F}"
EndProject
Project("{FAE04EC0-301F-11D3-BF4B-00C04F79EFBC}") = "Adapter.Database.MySql", "src\Generators\Adapter.Database.MySql\Adapter.Database.MySql.csproj", "{8802A0F4-6E71-4B3A-870E-E063860591F7}"
EndProject
Project("{FAE04EC0-301F-11D3-BF4B-00C04F79EFBC}") = "Adapter.Database.PostgreSql", "src\Generators\Adapter.Database.PostgreSql\Adapter.Database.PostgreSql.csproj", "{FE6F24AD-08F8-48D6-A79E-3781415C8E5C}"
EndProject
Project("{FAE04EC0-301F-11D3-BF4B-00C04F79EFBC}") = "Adapter.Database.Sqlite", "src\Generators\Adapter.Database.Sqlite\Adapter.Database.Sqlite.csproj", "{77546BA6-3327-44E5-85BC-0A2D85497AEF}"
EndProject
Project("{FAE04EC0-301F-11D3-BF4B-00C04F79EFBC}") = "PluginHost", "src\PluginHost\PluginHost.csproj", "{BF83AD14-350F-4F5B-A2C1-A336F88BC7F4}"
EndProject
Global
	GlobalSection(SolutionConfigurationPlatforms) = preSolution
		Debug|Any CPU = Debug|Any CPU
		Debug|x64 = Debug|x64
		Debug|x86 = Debug|x86
		Release|Any CPU = Release|Any CPU
		Release|x64 = Release|x64
		Release|x86 = Release|x86
	EndGlobalSection
	GlobalSection(ProjectConfigurationPlatforms) = postSolution
		{014360DE-3FAF-AA5F-5DE7-21A236515BC6}.Debug|Any CPU.ActiveCfg = Debug|Any CPU
		{014360DE-3FAF-AA5F-5DE7-21A236515BC6}.Debug|Any CPU.Build.0 = Debug|Any CPU
		{014360DE-3FAF-AA5F-5DE7-21A236515BC6}.Debug|x64.ActiveCfg = Debug|Any CPU
		{014360DE-3FAF-AA5F-5DE7-21A236515BC6}.Debug|x64.Build.0 = Debug|Any CPU
		{014360DE-3FAF-AA5F-5DE7-21A236515BC6}.Debug|x86.ActiveCfg = Debug|Any CPU
		{014360DE-3FAF-AA5F-5DE7-21A236515BC6}.Debug|x86.Build.0 = Debug|Any CPU
		{014360DE-3FAF-AA5F-5DE7-21A236515BC6}.Release|Any CPU.ActiveCfg = Release|Any CPU
		{014360DE-3FAF-AA5F-5DE7-21A236515BC6}.Release|Any CPU.Build.0 = Release|Any CPU
		{014360DE-3FAF-AA5F-5DE7-21A236515BC6}.Release|x64.ActiveCfg = Release|Any CPU
		{014360DE-3FAF-AA5F-5DE7-21A236515BC6}.Release|x64.Build.0 = Release|Any CPU
		{014360DE-3FAF-AA5F-5DE7-21A236515BC6}.Release|x86.ActiveCfg = Release|Any CPU
		{014360DE-3FAF-AA5F-5DE7-21A236515BC6}.Release|x86.Build.0 = Release|Any CPU
		{B95B3A38-E1B1-70E4-631F-E9AF31150950}.Debug|Any CPU.ActiveCfg = Debug|Any CPU
		{B95B3A38-E1B1-70E4-631F-E9AF31150950}.Debug|Any CPU.Build.0 = Debug|Any CPU
		{B95B3A38-E1B1-70E4-631F-E9AF31150950}.Debug|x64.ActiveCfg = Debug|Any CPU
		{B95B3A38-E1B1-70E4-631F-E9AF31150950}.Debug|x64.Build.0 = Debug|Any CPU
		{B95B3A38-E1B1-70E4-631F-E9AF31150950}.Debug|x86.ActiveCfg = Debug|Any CPU
		{B95B3A38-E1B1-70E4-631F-E9AF31150950}.Debug|x86.Build.0 = Debug|Any CPU
		{B95B3A38-E1B1-70E4-631F-E9AF31150950}.Release|Any CPU.ActiveCfg = Release|Any CPU
		{B95B3A38-E1B1-70E4-631F-E9AF31150950}.Release|Any CPU.Build.0 = Release|Any CPU
		{B95B3A38-E1B1-70E4-631F-E9AF31150950}.Release|x64.ActiveCfg = Release|Any CPU
		{B95B3A38-E1B1-70E4-631F-E9AF31150950}.Release|x64.Build.0 = Release|Any CPU
		{B95B3A38-E1B1-70E4-631F-E9AF31150950}.Release|x86.ActiveCfg = Release|Any CPU
		{B95B3A38-E1B1-70E4-631F-E9AF31150950}.Release|x86.Build.0 = Release|Any CPU
		{94B86ABD-4F85-3FC9-C4EB-1357F78F35FE}.Debug|Any CPU.ActiveCfg = Debug|Any CPU
		{94B86ABD-4F85-3FC9-C4EB-1357F78F35FE}.Debug|Any CPU.Build.0 = Debug|Any CPU
		{94B86ABD-4F85-3FC9-C4EB-1357F78F35FE}.Debug|x64.ActiveCfg = Debug|Any CPU
		{94B86ABD-4F85-3FC9-C4EB-1357F78F35FE}.Debug|x64.Build.0 = Debug|Any CPU
		{94B86ABD-4F85-3FC9-C4EB-1357F78F35FE}.Debug|x86.ActiveCfg = Debug|Any CPU
		{94B86ABD-4F85-3FC9-C4EB-1357F78F35FE}.Debug|x86.Build.0 = Debug|Any CPU
		{94B86ABD-4F85-3FC9-C4EB-1357F78F35FE}.Release|Any CPU.ActiveCfg = Release|Any CPU
		{94B86ABD-4F85-3FC9-C4EB-1357F78F35FE}.Release|Any CPU.Build.0 = Release|Any CPU
		{94B86ABD-4F85-3FC9-C4EB-1357F78F35FE}.Release|x64.ActiveCfg = Release|Any CPU
		{94B86ABD-4F85-3FC9-C4EB-1357F78F35FE}.Release|x64.Build.0 = Release|Any CPU
		{94B86ABD-4F85-3FC9-C4EB-1357F78F35FE}.Release|x86.ActiveCfg = Release|Any CPU
		{94B86ABD-4F85-3FC9-C4EB-1357F78F35FE}.Release|x86.Build.0 = Release|Any CPU
		{5862B40E-D491-045C-209A-ABD039C120CF}.Debug|Any CPU.ActiveCfg = Debug|Any CPU
		{5862B40E-D491-045C-209A-ABD039C120CF}.Debug|Any CPU.Build.0 = Debug|Any CPU
		{5862B40E-D491-045C-209A-ABD039C120CF}.Debug|x64.ActiveCfg = Debug|Any CPU
		{5862B40E-D491-045C-209A-ABD039C120CF}.Debug|x64.Build.0 = Debug|Any CPU
		{5862B40E-D491-045C-209A-ABD039C120CF}.Debug|x86.ActiveCfg = Debug|Any CPU
		{5862B40E-D491-045C-209A-ABD039C120CF}.Debug|x86.Build.0 = Debug|Any CPU
		{5862B40E-D491-045C-209A-ABD039C120CF}.Release|Any CPU.ActiveCfg = Release|Any CPU
		{5862B40E-D491-045C-209A-ABD039C120CF}.Release|Any CPU.Build.0 = Release|Any CPU
		{5862B40E-D491-045C-209A-ABD039C120CF}.Release|x64.ActiveCfg = Release|Any CPU
		{5862B40E-D491-045C-209A-ABD039C120CF}.Release|x64.Build.0 = Release|Any CPU
		{5862B40E-D491-045C-209A-ABD039C120CF}.Release|x86.ActiveCfg = Release|Any CPU
		{5862B40E-D491-045C-209A-ABD039C120CF}.Release|x86.Build.0 = Release|Any CPU
		{30000000-0000-0000-0000-000000000001}.Debug|Any CPU.ActiveCfg = Debug|Any CPU
		{30000000-0000-0000-0000-000000000001}.Debug|Any CPU.Build.0 = Debug|Any CPU
		{30000000-0000-0000-0000-000000000001}.Debug|x64.ActiveCfg = Debug|Any CPU
		{30000000-0000-0000-0000-000000000001}.Debug|x64.Build.0 = Debug|Any CPU
		{30000000-0000-0000-0000-000000000001}.Debug|x86.ActiveCfg = Debug|Any CPU
		{30000000-0000-0000-0000-000000000001}.Debug|x86.Build.0 = Debug|Any CPU
		{30000000-0000-0000-0000-000000000001}.Release|Any CPU.ActiveCfg = Release|Any CPU
		{30000000-0000-0000-0000-000000000001}.Release|Any CPU.Build.0 = Release|Any CPU
		{30000000-0000-0000-0000-000000000001}.Release|x64.ActiveCfg = Release|Any CPU
		{30000000-0000-0000-0000-000000000001}.Release|x64.Build.0 = Release|Any CPU
		{30000000-0000-0000-0000-000000000001}.Release|x86.ActiveCfg = Release|Any CPU
		{30000000-0000-0000-0000-000000000001}.Release|x86.Build.0 = Release|Any CPU
		{9915F71D-44CA-437D-A32B-664906534E0B}.Debug|Any CPU.ActiveCfg = Debug|Any CPU
		{9915F71D-44CA-437D-A32B-664906534E0B}.Debug|Any CPU.Build.0 = Debug|Any CPU
		{9915F71D-44CA-437D-A32B-664906534E0B}.Debug|x64.ActiveCfg = Debug|Any CPU
		{9915F71D-44CA-437D-A32B-664906534E0B}.Debug|x64.Build.0 = Debug|Any CPU
		{9915F71D-44CA-437D-A32B-664906534E0B}.Debug|x86.ActiveCfg = Debug|Any CPU
		{9915F71D-44CA-437D-A32B-664906534E0B}.Debug|x86.Build.0 = Debug|Any CPU
		{9915F71D-44CA-437D-A32B-664906534E0B}.Release|Any CPU.ActiveCfg = Release|Any CPU
		{9915F71D-44CA-437D-A32B-664906534E0B}.Release|Any CPU.Build.0 = Release|Any CPU
		{9915F71D-44CA-437D-A32B-664906534E0B}.Release|x64.ActiveCfg = Release|Any CPU
		{9915F71D-44CA-437D-A32B-664906534E0B}.Release|x64.Build.0 = Release|Any CPU
		{9915F71D-44CA-437D-A32B-664906534E0B}.Release|x86.ActiveCfg = Release|Any CPU
		{9915F71D-44CA-437D-A32B-664906534E0B}.Release|x86.Build.0 = Release|Any CPU
		{C8863B5F-EE67-4C19-9332-B165BCFAEC43}.Debug|Any CPU.ActiveCfg = Debug|Any CPU
		{C8863B5F-EE67-4C19-9332-B165BCFAEC43}.Debug|Any CPU.Build.0 = Debug|Any CPU
		{C8863B5F-EE67-4C19-9332-B165BCFAEC43}.Debug|x64.ActiveCfg = Debug|Any CPU
		{C8863B5F-EE67-4C19-9332-B165BCFAEC43}.Debug|x64.Build.0 = Debug|Any CPU
		{C8863B5F-EE67-4C19-9332-B165BCFAEC43}.Debug|x86.ActiveCfg = Debug|Any CPU
		{C8863B5F-EE67-4C19-9332-B165BCFAEC43}.Debug|x86.Build.0 = Debug|Any CPU
		{C8863B5F-EE67-4C19-9332-B165BCFAEC43}.Release|Any CPU.ActiveCfg = Release|Any CPU
		{C8863B5F-EE67-4C19-9332-B165BCFAEC43}.Release|Any CPU.Build.0 = Release|Any CPU
		{C8863B5F-EE67-4C19-9332-B165BCFAEC43}.Release|x64.ActiveCfg = Release|Any CPU
		{C8863B5F-EE67-4C19-9332-B165BCFAEC43}.Release|x64.Build.0 = Release|Any CPU
		{C8863B5F-EE67-4C19-9332-B165BCFAEC43}.Release|x86.ActiveCfg = Release|Any CPU
		{C8863B5F-EE67-4C19-9332-B165BCFAEC43}.Release|x86.Build.0 = Release|Any CPU
		{5A8043BC-81C1-4E98-854A-6F5F0603D201}.Debug|Any CPU.ActiveCfg = Debug|Any CPU
		{5A8043BC-81C1-4E98-854A-6F5F0603D201}.Debug|Any CPU.Build.0 = Debug|Any CPU
		{5A8043BC-81C1-4E98-854A-6F5F0603D201}.Debug|x64.ActiveCfg = Debug|Any CPU
		{5A8043BC-81C1-4E98-854A-6F5F0603D201}.Debug|x64.Build.0 = Debug|Any CPU
		{5A8043BC-81C1-4E98-854A-6F5F0603D201}.Debug|x86.ActiveCfg = Debug|Any CPU
		{5A8043BC-81C1-4E98-854A-6F5F0603D201}.Debug|x86.Build.0 = Debug|Any CPU
		{5A8043BC-81C1-4E98-854A-6F5F0603D201}.Release|Any CPU.ActiveCfg = Release|Any CPU
		{5A8043BC-81C1-4E98-854A-6F5F0603D201}.Release|Any CPU.Build.0 = Release|Any CPU
		{5A8043BC-81C1-4E98-854A-6F5F0603D201}.Release|x64.ActiveCfg = Release|Any CPU
		{5A8043BC-81C1-4E98-854A-6F5F0603D201}.Release|x64.Build.0 = Release|Any CPU
		{5A8043BC-81C1-4E98-854A-6F5F0603D201}.Release|x86.ActiveCfg = Release|Any CPU
		{5A8043BC-81C1-4E98-854A-6F5F0603D201}.Release|x86.Build.0 = Release|Any CPU
		{F2E21E99-8CA8-4E11-B1A0-930AE4527945}.Debug|Any CPU.ActiveCfg = Debug|Any CPU
		{F2E21E99-8CA8-4E11-B1A0-930AE4527945}.Debug|Any CPU.Build.0 = Debug|Any CPU
		{F2E21E99-8CA8-4E11-B1A0-930AE4527945}.Debug|x64.ActiveCfg = Debug|Any CPU
		{F2E21E99-8CA8-4E11-B1A0-930AE4527945}.Debug|x64.Build.0 = Debug|Any CPU
		{F2E21E99-8CA8-4E11-B1A0-930AE4527945}.Debug|x86.ActiveCfg = Debug|Any CPU
		{F2E21E99-8CA8-4E11-B1A0-930AE4527945}.Debug|x86.Build.0 = Debug|Any CPU
		{F2E21E99-8CA8-4E11-B1A0-930AE4527945}.Release|Any CPU.ActiveCfg = Release|Any CPU
		{F2E21E99-8CA8-4E11-B1A0-930AE4527945}.Release|Any CPU.Build.0 = Release|Any CPU
		{F2E21E99-8CA8-4E11-B1A0-930AE4527945}.Release|x64.ActiveCfg = Release|Any CPU
		{F2E21E99-8CA8-4E11-B1A0-930AE4527945}.Release|x64.Build.0 = Release|Any CPU
		{F2E21E99-8CA8-4E11-B1A0-930AE4527945}.Release|x86.ActiveCfg = Release|Any CPU
		{F2E21E99-8CA8-4E11-B1A0-930AE4527945}.Release|x86.Build.0 = Release|Any CPU
		{57F8EC06-491D-4ACC-BA36-22CF08186C4F}.Debug|Any CPU.ActiveCfg = Debug|Any CPU
		{57F8EC06-491D-4ACC-BA36-22CF08186C4F}.Debug|Any CPU.Build.0 = Debug|Any CPU
		{57F8EC06-491D-4ACC-BA36-22CF08186C4F}.Debug|x64.ActiveCfg = Debug|Any CPU
		{57F8EC06-491D-4ACC-BA36-22CF08186C4F}.Debug|x64.Build.0 = Debug|Any CPU
		{57F8EC06-491D-4ACC-BA36-22CF08186C4F}.Debug|x86.ActiveCfg = Debug|Any CPU
		{57F8EC06-491D-4ACC-BA36-22CF08186C4F}.Debug|x86.Build.0 = Debug|Any CPU
		{57F8EC06-491D-4ACC-BA36-22CF08186C4F}.Release|Any CPU.ActiveCfg = Release|Any CPU
		{57F8EC06-491D-4ACC-BA36-22CF08186C4F}.Release|Any CPU.Build.0 = Release|Any CPU
		{57F8EC06-491D-4ACC-BA36-22CF08186C4F}.Release|x64.ActiveCfg = Release|Any CPU
		{57F8EC06-491D-4ACC-BA36-22CF08186C4F}.Release|x64.Build.0 = Release|Any CPU
		{57F8EC06-491D-4ACC-BA36-22CF08186C4F}.Release|x86.ActiveCfg = Release|Any CPU
		{57F8EC06-491D-4ACC-BA36-22CF08186C4F}.Release|x86.Build.0 = Release|Any CPU
		{8802A0F4-6E71-4B3A-870E-E063860591F7}.Debug|Any CPU.ActiveCfg = Debug|Any CPU
		{8802A0F4-6E71-4B3A-870E-E063860591F7}.Debug|Any CPU.Build.0 = Debug|Any CPU
		{8802A0F4-6E71-4B3A-870E-E063860591F7}.Debug|x64.ActiveCfg = Debug|Any CPU
		{8802A0F4-6E71-4B3A-870E-E063860591F7}.Debug|x64.Build.0 = Debug|Any CPU
		{8802A0F4-6E71-4B3A-870E-E063860591F7}.Debug|x86.ActiveCfg = Debug|Any CPU
		{8802A0F4-6E71-4B3A-870E-E063860591F7}.Debug|x86.Build.0 = Debug|Any CPU
		{8802A0F4-6E71-4B3A-870E-E063860591F7}.Release|Any CPU.ActiveCfg = Release|Any CPU
		{8802A0F4-6E71-4B3A-870E-E063860591F7}.Release|Any CPU.Build.0 = Release|Any CPU
		{8802A0F4-6E71-4B3A-870E-E063860591F7}.Release|x64.ActiveCfg = Release|Any CPU
		{8802A0F4-6E71-4B3A-870E-E063860591F7}.Release|x64.Build.0 = Release|Any CPU
		{8802A0F4-6E71-4B3A-870E-E063860591F7}.Release|x86.ActiveCfg = Release|Any CPU
		{8802A0F4-6E71-4B3A-870E-E063860591F7}.Release|x86.Build.0 = Release|Any CPU
		{FE6F24AD-08F8-48D6-A79E-3781415C8E5C}.Debug|Any CPU.ActiveCfg = Debug|Any CPU
		{FE6F24AD-08F8-48D6-A79E-3781415C8E5C}.Debug|Any CPU.Build.0 = Debug|Any CPU
		{FE6F24AD-08F8-48D6-A79E-3781415C8E5C}.Debug|x64.ActiveCfg = Debug|Any CPU
		{FE6F24AD-08F8-48D6-A79E-3781415C8E5C}.Debug|x64.Build.0 = Debug|Any CPU
		{FE6F24AD-08F8-48D6-A79E-3781415C8E5C}.Debug|x86.ActiveCfg = Debug|Any CPU
		{FE6F24AD-08F8-48D6-A79E-3781415C8E5C}.Debug|x86.Build.0 = Debug|Any CPU
		{FE6F24AD-08F8-48D6-A79E-3781415C8E5C}.Release|Any CPU.ActiveCfg = Release|Any CPU
		{FE6F24AD-08F8-48D6-A79E-3781415C8E5C}.Release|Any CPU.Build.0 = Release|Any CPU
		{FE6F24AD-08F8-48D6-A79E-3781415C8E5C}.Release|x64.ActiveCfg = Release|Any CPU
		{FE6F24AD-08F8-48D6-A79E-3781415C8E5C}.Release|x64.Build.0 = Release|Any CPU
		{FE6F24AD-08F8-48D6-A79E-3781415C8E5C}.Release|x86.ActiveCfg = Release|Any CPU
		{FE6F24AD-08F8-48D6-A79E-3781415C8E5C}.Release|x86.Build.0 = Release|Any CPU
		{77546BA6-3327-44E5-85BC-0A2D85497AEF}.Debug|Any CPU.ActiveCfg = Debug|Any CPU
		{77546BA6-3327-44E5-85BC-0A2D85497AEF}.Debug|Any CPU.Build.0 = Debug|Any CPU
		{77546BA6-3327-44E5-85BC-0A2D85497AEF}.Debug|x64.ActiveCfg = Debug|Any CPU
		{77546BA6-3327-44E5-85BC-0A2D85497AEF}.Debug|x64.Build.0 = Debug|Any CPU
		{77546BA6-3327-44E5-85BC-0A2D85497AEF}.Debug|x86.ActiveCfg = Debug|Any CPU
		{77546BA6-3327-44E5-85BC-0A2D85497AEF}.Debug|x86.Build.0 = Debug|Any CPU
		{77546BA6-3327-44E5-85BC-0A2D85497AEF}.Release|Any CPU.ActiveCfg = Release|Any CPU
		{77546BA6-3327-44E5-85BC-0A2D85497AEF}.Release|Any CPU.Build.0 = Release|Any CPU
		{77546BA6-3327-44E5-85BC-0A2D85497AEF}.Release|x64.ActiveCfg = Release|Any CPU
		{77546BA6-3327-44E5-85BC-0A2D85497AEF}.Release|x64.Build.0 = Release|Any CPU
		{77546BA6-3327-44E5-85BC-0A2D85497AEF}.Release|x86.ActiveCfg = Release|Any CPU
		{77546BA6-3327-44E5-85BC-0A2D85497AEF}.Release|x86.Build.0 = Release|Any CPU
		{BF83AD14-350F-4F5B-A2C1-A336F88BC7F4}.Debug|Any CPU.ActiveCfg = Debug|Any CPU
		{BF83AD14-350F-4F5B-A2C1-A336F88BC7F4}.Debug|Any CPU.Build.0 = Debug|Any CPU
		{BF83AD14-350F-4F5B-A2C1-A336F88BC7F4}.Debug|x64.ActiveCfg = Debug|Any CPU
		{BF83AD14-350F-4F5B-A2C1-A336F88BC7F4}.Debug|x64.Build.0 = Debug|Any CPU
		{BF83AD14-350F-4F5B-A2C1-A336F88BC7F4}.Debug|x86.ActiveCfg = Debug|Any CPU
		{BF83AD14-350F-4F5B-A2C1-A336F88BC7F4}.Debug|x86.Build.0 = Debug|Any CPU
		{BF83AD14-350F-4F5B-A2C1-A336F88BC7F4}.Release|Any CPU.ActiveCfg = Release|Any CPU
		{BF83AD14-350F-4F5B-A2C1-A336F88BC7F4}.Release|Any CPU.Build.0 = Release|Any CPU
		{BF83AD14-350F-4F5B-A2C1-A336F88BC7F4}.Release|x64.ActiveCfg = Release|Any CPU
		{BF83AD14-350F-4F5B-A2C1-A336F88BC7F4}.Release|x64.Build.0 = Release|Any CPU
		{BF83AD14-350F-4F5B-A2C1-A336F88BC7F4}.Release|x86.ActiveCfg = Release|Any CPU
		{BF83AD14-350F-4F5B-A2C1-A336F88BC7F4}.Release|x86.Build.0 = Release|Any CPU
	EndGlobalSection
	GlobalSection(SolutionProperties) = preSolution
		HideSolutionNode = FALSE
	EndGlobalSection
	GlobalSection(NestedProjects) = preSolution
		{47FFF529-EE08-F963-FE19-7E05E841A5CF} = {10000000-0000-0000-0000-000000000001}
		{70E65FA8-6D55-3DCB-89AA-5914AD16D7A1} = {10000000-0000-0000-0000-000000000001}
		{A92F8113-3314-365E-D17E-024E8A6DA8D2} = {10000000-0000-0000-0000-000000000001}
		{014360DE-3FAF-AA5F-5DE7-21A236515BC6} = {47FFF529-EE08-F963-FE19-7E05E841A5CF}
		{B95B3A38-E1B1-70E4-631F-E9AF31150950} = {70E65FA8-6D55-3DCB-89AA-5914AD16D7A1}
		{94B86ABD-4F85-3FC9-C4EB-1357F78F35FE} = {70E65FA8-6D55-3DCB-89AA-5914AD16D7A1}
		{5862B40E-D491-045C-209A-ABD039C120CF} = {A92F8113-3314-365E-D17E-024E8A6DA8D2}
		{30000000-0000-0000-0000-000000000001} = {20000000-0000-0000-0000-000000000001}
		{9915F71D-44CA-437D-A32B-664906534E0B} = {A92F8113-3314-365E-D17E-024E8A6DA8D2}
		{491A99EC-666E-B0B3-501F-60A7956B62FC} = {10000000-0000-0000-0000-000000000001}
		{C8863B5F-EE67-4C19-9332-B165BCFAEC43} = {491A99EC-666E-B0B3-501F-60A7956B62FC}
		{5A8043BC-81C1-4E98-854A-6F5F0603D201} = {A92F8113-3314-365E-D17E-024E8A6DA8D2}
		{F2E21E99-8CA8-4E11-B1A0-930AE4527945} = {A92F8113-3314-365E-D17E-024E8A6DA8D2}
		{57F8EC06-491D-4ACC-BA36-22CF08186C4F} = {A92F8113-3314-365E-D17E-024E8A6DA8D2}
		{8802A0F4-6E71-4B3A-870E-E063860591F7} = {A92F8113-3314-365E-D17E-024E8A6DA8D2}
		{FE6F24AD-08F8-48D6-A79E-3781415C8E5C} = {A92F8113-3314-365E-D17E-024E8A6DA8D2}
		{77546BA6-3327-44E5-85BC-0A2D85497AEF} = {A92F8113-3314-365E-D17E-024E8A6DA8D2}
		{BF83AD14-350F-4F5B-A2C1-A336F88BC7F4} = {10000000-0000-0000-0000-000000000001}
	EndGlobalSection
	GlobalSection(ExtensibilityGlobals) = postSolution
		SolutionGuid = {0B872E9A-16EB-497F-A69D-EB9DCF1E5CCB}
	EndGlobalSection
EndGlobal
